
Microsoft Visual Studio Solution File, Format Version 12.00
# Visual Studio Version 17
VisualStudioVersion = 17.0.31903.59
MinimumVisualStudioVersion = 10.0.40219.1
Project("{2150E333-8FDC-42A3-9474-1A3956D46DE8}") = "src", "src", "{827E0CD3-B72D-47B6-A68D-7590B98EB39B}"
EndProject
Project("{2150E333-8FDC-42A3-9474-1A3956D46DE8}") = "Shared", "Shared", "{C8E42992-5E42-0C2B-DBFE-AA848D06431C}"
EndProject
Project("{FAE04EC0-301F-11D3-BF4B-00C04F79EFBC}") = "CashFlow.Shared.Domain", "src\Shared\CashFlow.Shared.Domain\CashFlow.Shared.Domain.csproj", "{487C0B11-AC48-481D-B58A-1239D34A51EC}"
EndProject
Project("{2150E333-8FDC-42A3-9474-1A3956D46DE8}") = "Services", "Services", "{984BB9B3-3FA3-BE33-9484-CAC21695A33C}"
EndProject
Project("{2150E333-8FDC-42A3-9474-1A3956D46DE8}") = "Transactions", "Transactions", "{072D483E-2402-8FD4-E5BB-84C8DF898F2A}"
EndProject
Project("{FAE04EC0-301F-11D3-BF4B-00C04F79EFBC}") = "CashFlow.Transactions.Domain", "src\Services\Transactions\CashFlow.Transactions.Domain\CashFlow.Transactions.Domain.csproj", "{0E00019E-3BE1-4C6C-A535-680F976BAB13}"
EndProject
Project("{FAE04EC0-301F-11D3-BF4B-00C04F79EFBC}") = "CashFlow.Transactions.Application", "src\Services\Transactions\CashFlow.Transactions.Application\CashFlow.Transactions.Application.csproj", "{F4EDFFB2-F527-4C10-97AA-8A621DC431F9}"
EndProject
Project("{FAE04EC0-301F-11D3-BF4B-00C04F79EFBC}") = "CashFlow.Transactions.Infrastructure", "src\Services\Transactions\CashFlow.Transactions.Infrastructure\CashFlow.Transactions.Infrastructure.csproj", "{E66DD1EA-75A8-4D95-9D04-98B775E2C808}"
EndProject
Project("{FAE04EC0-301F-11D3-BF4B-00C04F79EFBC}") = "CashFlow.Transactions.Api", "src\Services\Transactions\CashFlow.Transactions.Api\CashFlow.Transactions.Api.csproj", "{E53361CC-5BDC-4BDC-8C48-B5792661D0A6}"
EndProject
Project("{2150E333-8FDC-42A3-9474-1A3956D46DE8}") = "Consolidated", "Consolidated", "{39446CD2-3258-524A-0243-190D9168FBCB}"
EndProject
Project("{FAE04EC0-301F-11D3-BF4B-00C04F79EFBC}") = "CashFlow.Consolidated.Domain", "src\Services\Consolidated\CashFlow.Consolidated.Domain\CashFlow.Consolidated.Domain.csproj", "{03C28928-563B-4EC6-AAFE-4682463A9E41}"
EndProject
Project("{FAE04EC0-301F-11D3-BF4B-00C04F79EFBC}") = "CashFlow.Consolidated.Application", "src\Services\Consolidated\CashFlow.Consolidated.Application\CashFlow.Consolidated.Application.csproj", "{D6F4C5EE-8B2E-405E-AED6-50BEDE0E95C2}"
EndProject
Project("{FAE04EC0-301F-11D3-BF4B-00C04F79EFBC}") = "CashFlow.Consolidated.Infrastructure", "src\Services\Consolidated\CashFlow.Consolidated.Infrastructure\CashFlow.Consolidated.Infrastructure.csproj", "{390C0A21-3121-4C97-BD8C-17E6FA671151}"
EndProject
Project("{FAE04EC0-301F-11D3-BF4B-00C04F79EFBC}") = "CashFlow.Consolidated.Worker", "src\Services\Consolidated\CashFlow.Consolidated.Worker\CashFlow.Consolidated.Worker.csproj", "{4CF8EA08-19F1-4A40-B34F-A24D6E0309A5}"
EndProject
Project("{FAE04EC0-301F-11D3-BF4B-00C04F79EFBC}") = "CashFlow.Consolidated.Api", "src\Services\Consolidated\CashFlow.Consolidated.Api\CashFlow.Consolidated.Api.csproj", "{A9CE761B-620F-4B5E-A2B3-979E2B9B6140}"
EndProject
Project("{2150E333-8FDC-42A3-9474-1A3956D46DE8}") = "tests", "tests", "{0AB3BF05-4346-4AA6-1389-037BE0695223}"
EndProject
Project("{FAE04EC0-301F-11D3-BF4B-00C04F79EFBC}") = "CashFlow.Transactions.UnitTests", "tests\CashFlow.Transactions.UnitTests\CashFlow.Transactions.UnitTests.csproj", "{75D26AF9-C7CC-4279-9D21-0756CB3DC9A3}"
EndProject
Project("{FAE04EC0-301F-11D3-BF4B-00C04F79EFBC}") = "CashFlow.Consolidated.UnitTests", "tests\CashFlow.Consolidated.UnitTests\CashFlow.Consolidated.UnitTests.csproj", "{7FAF0B01-1629-41D5-8ECF-AFFBF869AAB0}"
EndProject
Project("{FAE04EC0-301F-11D3-BF4B-00C04F79EFBC}") = "CashFlow.E2ETests", "tests\CashFlow.E2ETests\CashFlow.E2ETests.csproj", "{30DF10E8-3D07-4727-8104-9245961A0960}"
EndProject
Global
	GlobalSection(SolutionConfigurationPlatforms) = preSolution
		Debug|Any CPU = Debug|Any CPU
		Debug|x64 = Debug|x64
		Debug|x86 = Debug|x86
		Release|Any CPU = Release|Any CPU
		Release|x64 = Release|x64
		Release|x86 = Release|x86
	EndGlobalSection
	GlobalSection(ProjectConfigurationPlatforms) = postSolution
		{487C0B11-AC48-481D-B58A-1239D34A51EC}.Debug|Any CPU.ActiveCfg = Debug|Any CPU
		{487C0B11-AC48-481D-B58A-1239D34A51EC}.Debug|Any CPU.Build.0 = Debug|Any CPU
		{487C0B11-AC48-481D-B58A-1239D34A51EC}.Debug|x64.ActiveCfg = Debug|Any CPU
		{487C0B11-AC48-481D-B58A-1239D34A51EC}.Debug|x64.Build.0 = Debug|Any CPU
		{487C0B11-AC48-481D-B58A-1239D34A51EC}.Debug|x86.ActiveCfg = Debug|Any CPU
		{487C0B11-AC48-481D-B58A-1239D34A51EC}.Debug|x86.Build.0 = Debug|Any CPU
		{487C0B11-AC48-481D-B58A-1239D34A51EC}.Release|Any CPU.ActiveCfg = Release|Any CPU
		{487C0B11-AC48-481D-B58A-1239D34A51EC}.Release|Any CPU.Build.0 = Release|Any CPU
		{487C0B11-AC48-481D-B58A-1239D34A51EC}.Release|x64.ActiveCfg = Release|Any CPU
		{487C0B11-AC48-481D-B58A-1239D34A51EC}.Release|x64.Build.0 = Release|Any CPU
		{487C0B11-AC48-481D-B58A-1239D34A51EC}.Release|x86.ActiveCfg = Release|Any CPU
		{487C0B11-AC48-481D-B58A-1239D34A51EC}.Release|x86.Build.0 = Release|Any CPU
		{0E00019E-3BE1-4C6C-A535-680F976BAB13}.Debug|Any CPU.ActiveCfg = Debug|Any CPU
		{0E00019E-3BE1-4C6C-A535-680F976BAB13}.Debug|Any CPU.Build.0 = Debug|Any CPU
		{0E00019E-3BE1-4C6C-A535-680F976BAB13}.Debug|x64.ActiveCfg = Debug|Any CPU
		{0E00019E-3BE1-4C6C-A535-680F976BAB13}.Debug|x64.Build.0 = Debug|Any CPU
		{0E00019E-3BE1-4C6C-A535-680F976BAB13}.Debug|x86.ActiveCfg = Debug|Any CPU
		{0E00019E-3BE1-4C6C-A535-680F976BAB13}.Debug|x86.Build.0 = Debug|Any CPU
		{0E00019E-3BE1-4C6C-A535-680F976BAB13}.Release|Any CPU.ActiveCfg = Release|Any CPU
		{0E00019E-3BE1-4C6C-A535-680F976BAB13}.Release|Any CPU.Build.0 = Release|Any CPU
		{0E00019E-3BE1-4C6C-A535-680F976BAB13}.Release|x64.ActiveCfg = Release|Any CPU
		{0E00019E-3BE1-4C6C-A535-680F976BAB13}.Release|x64.Build.0 = Release|Any CPU
		{0E00019E-3BE1-4C6C-A535-680F976BAB13}.Release|x86.ActiveCfg = Release|Any CPU
		{0E00019E-3BE1-4C6C-A535-680F976BAB13}.Release|x86.Build.0 = Release|Any CPU
		{F4EDFFB2-F527-4C10-97AA-8A621DC431F9}.Debug|Any CPU.ActiveCfg = Debug|Any CPU
		{F4EDFFB2-F527-4C10-97AA-8A621DC431F9}.Debug|Any CPU.Build.0 = Debug|Any CPU
		{F4EDFFB2-F527-4C10-97AA-8A621DC431F9}.Debug|x64.ActiveCfg = Debug|Any CPU
		{F4EDFFB2-F527-4C10-97AA-8A621DC431F9}.Debug|x64.Build.0 = Debug|Any CPU
		{F4EDFFB2-F527-4C10-97AA-8A621DC431F9}.Debug|x86.ActiveCfg = Debug|Any CPU
		{F4EDFFB2-F527-4C10-97AA-8A621DC431F9}.Debug|x86.Build.0 = Debug|Any CPU
		{F4EDFFB2-F527-4C10-97AA-8A621DC431F9}.Release|Any CPU.ActiveCfg = Release|Any CPU
		{F4EDFFB2-F527-4C10-97AA-8A621DC431F9}.Release|Any CPU.Build.0 = Release|Any CPU
		{F4EDFFB2-F527-4C10-97AA-8A621DC431F9}.Release|x64.ActiveCfg = Release|Any CPU
		{F4EDFFB2-F527-4C10-97AA-8A621DC431F9}.Release|x64.Build.0 = Release|Any CPU
		{F4EDFFB2-F527-4C10-97AA-8A621DC431F9}.Release|x86.ActiveCfg = Release|Any CPU
		{F4EDFFB2-F527-4C10-97AA-8A621DC431F9}.Release|x86.Build.0 = Release|Any CPU
		{E66DD1EA-75A8-4D95-9D04-98B775E2C808}.Debug|Any CPU.ActiveCfg = Debug|Any CPU
		{E66DD1EA-75A8-4D95-9D04-98B775E2C808}.Debug|Any CPU.Build.0 = Debug|Any CPU
		{E66DD1EA-75A8-4D95-9D04-98B775E2C808}.Debug|x64.ActiveCfg = Debug|Any CPU
		{E66DD1EA-75A8-4D95-9D04-98B775E2C808}.Debug|x64.Build.0 = Debug|Any CPU
		{E66DD1EA-75A8-4D95-9D04-98B775E2C808}.Debug|x86.ActiveCfg = Debug|Any CPU
		{E66DD1EA-75A8-4D95-9D04-98B775E2C808}.Debug|x86.Build.0 = Debug|Any CPU
		{E66DD1EA-75A8-4D95-9D04-98B775E2C808}.Release|Any CPU.ActiveCfg = Release|Any CPU
		{E66DD1EA-75A8-4D95-9D04-98B775E2C808}.Release|Any CPU.Build.0 = Release|Any CPU
		{E66DD1EA-75A8-4D95-9D04-98B775E2C808}.Release|x64.ActiveCfg = Release|Any CPU
		{E66DD1EA-75A8-4D95-9D04-98B775E2C808}.Release|x64.Build.0 = Release|Any CPU
		{E66DD1EA-75A8-4D95-9D04-98B775E2C808}.Release|x86.ActiveCfg = Release|Any CPU
		{E66DD1EA-75A8-4D95-9D04-98B775E2C808}.Release|x86.Build.0 = Release|Any CPU
		{E53361CC-5BDC-4BDC-8C48-B5792661D0A6}.Debug|Any CPU.ActiveCfg = Debug|Any CPU
		{E53361CC-5BDC-4BDC-8C48-B5792661D0A6}.Debug|Any CPU.Build.0 = Debug|Any CPU
		{E53361CC-5BDC-4BDC-8C48-B5792661D0A6}.Debug|x64.ActiveCfg = Debug|Any CPU
		{E53361CC-5BDC-4BDC-8C48-B5792661D0A6}.Debug|x64.Build.0 = Debug|Any CPU
		{E53361CC-5BDC-4BDC-8C48-B5792661D0A6}.Debug|x86.ActiveCfg = Debug|Any CPU
		{E53361CC-5BDC-4BDC-8C48-B5792661D0A6}.Debug|x86.Build.0 = Debug|Any CPU
		{E53361CC-5BDC-4BDC-8C48-B5792661D0A6}.Release|Any CPU.ActiveCfg = Release|Any CPU
		{E53361CC-5BDC-4BDC-8C48-B5792661D0A6}.Release|Any CPU.Build.0 = Release|Any CPU
		{E53361CC-5BDC-4BDC-8C48-B5792661D0A6}.Release|x64.ActiveCfg = Release|Any CPU
		{E53361CC-5BDC-4BDC-8C48-B5792661D0A6}.Release|x64.Build.0 = Release|Any CPU
		{E53361CC-5BDC-4BDC-8C48-B5792661D0A6}.Release|x86.ActiveCfg = Release|Any CPU
		{E53361CC-5BDC-4BDC-8C48-B5792661D0A6}.Release|x86.Build.0 = Release|Any CPU
		{03C28928-563B-4EC6-AAFE-4682463A9E41}.Debug|Any CPU.ActiveCfg = Debug|Any CPU
		{03C28928-563B-4EC6-AAFE-4682463A9E41}.Debug|Any CPU.Build.0 = Debug|Any CPU
		{03C28928-563B-4EC6-AAFE-4682463A9E41}.Debug|x64.ActiveCfg = Debug|Any CPU
		{03C28928-563B-4EC6-AAFE-4682463A9E41}.Debug|x64.Build.0 = Debug|Any CPU
		{03C28928-563B-4EC6-AAFE-4682463A9E41}.Debug|x86.ActiveCfg = Debug|Any CPU
		{03C28928-563B-4EC6-AAFE-4682463A9E41}.Debug|x86.Build.0 = Debug|Any CPU
		{03C28928-563B-4EC6-AAFE-4682463A9E41}.Release|Any CPU.ActiveCfg = Release|Any CPU
		{03C28928-563B-4EC6-AAFE-4682463A9E41}.Release|Any CPU.Build.0 = Release|Any CPU
		{03C28928-563B-4EC6-AAFE-4682463A9E41}.Release|x64.ActiveCfg = Release|Any CPU
		{03C28928-563B-4EC6-AAFE-4682463A9E41}.Release|x64.Build.0 = Release|Any CPU
		{03C28928-563B-4EC6-AAFE-4682463A9E41}.Release|x86.ActiveCfg = Release|Any CPU
		{03C28928-563B-4EC6-AAFE-4682463A9E41}.Release|x86.Build.0 = Release|Any CPU
		{D6F4C5EE-8B2E-405E-AED6-50BEDE0E95C2}.Debug|Any CPU.ActiveCfg = Debug|Any CPU
		{D6F4C5EE-8B2E-405E-AED6-50BEDE0E95C2}.Debug|Any CPU.Build.0 = Debug|Any CPU
		{D6F4C5EE-8B2E-405E-AED6-50BEDE0E95C2}.Debug|x64.ActiveCfg = Debug|Any CPU
		{D6F4C5EE-8B2E-405E-AED6-50BEDE0E95C2}.Debug|x64.Build.0 = Debug|Any CPU
		{D6F4C5EE-8B2E-405E-AED6-50BEDE0E95C2}.Debug|x86.ActiveCfg = Debug|Any CPU
		{D6F4C5EE-8B2E-405E-AED6-50BEDE0E95C2}.Debug|x86.Build.0 = Debug|Any CPU
		{D6F4C5EE-8B2E-405E-AED6-50BEDE0E95C2}.Release|Any CPU.ActiveCfg = Release|Any CPU
		{D6F4C5EE-8B2E-405E-AED6-50BEDE0E95C2}.Release|Any CPU.Build.0 = Release|Any CPU
		{D6F4C5EE-8B2E-405E-AED6-50BEDE0E95C2}.Release|x64.ActiveCfg = Release|Any CPU
		{D6F4C5EE-8B2E-405E-AED6-50BEDE0E95C2}.Release|x64.Build.0 = Release|Any CPU
		{D6F4C5EE-8B2E-405E-AED6-50BEDE0E95C2}.Release|x86.ActiveCfg = Release|Any CPU
		{D6F4C5EE-8B2E-405E-AED6-50BEDE0E95C2}.Release|x86.Build.0 = Release|Any CPU
		{390C0A21-3121-4C97-BD8C-17E6FA671151}.Debug|Any CPU.ActiveCfg = Debug|Any CPU
		{390C0A21-3121-4C97-BD8C-17E6FA671151}.Debug|Any CPU.Build.0 = Debug|Any CPU
		{390C0A21-3121-4C97-BD8C-17E6FA671151}.Debug|x64.ActiveCfg = Debug|Any CPU
		{390C0A21-3121-4C97-BD8C-17E6FA671151}.Debug|x64.Build.0 = Debug|Any CPU
		{390C0A21-3121-4C97-BD8C-17E6FA671151}.Debug|x86.ActiveCfg = Debug|Any CPU
		{390C0A21-3121-4C97-BD8C-17E6FA671151}.Debug|x86.Build.0 = Debug|Any CPU
		{390C0A21-3121-4C97-BD8C-17E6FA671151}.Release|Any CPU.ActiveCfg = Release|Any CPU
		{390C0A21-3121-4C97-BD8C-17E6FA671151}.Release|Any CPU.Build.0 = Release|Any CPU
		{390C0A21-3121-4C97-BD8C-17E6FA671151}.Release|x64.ActiveCfg = Release|Any CPU
		{390C0A21-3121-4C97-BD8C-17E6FA671151}.Release|x64.Build.0 = Release|Any CPU
		{390C0A21-3121-4C97-BD8C-17E6FA671151}.Release|x86.ActiveCfg = Release|Any CPU
		{390C0A21-3121-4C97-BD8C-17E6FA671151}.Release|x86.Build.0 = Release|Any CPU
		{4CF8EA08-19F1-4A40-B34F-A24D6E0309A5}.Debug|Any CPU.ActiveCfg = Debug|Any CPU
		{4CF8EA08-19F1-4A40-B34F-A24D6E0309A5}.Debug|Any CPU.Build.0 = Debug|Any CPU
		{4CF8EA08-19F1-4A40-B34F-A24D6E0309A5}.Debug|x64.ActiveCfg = Debug|Any CPU
		{4CF8EA08-19F1-4A40-B34F-A24D6E0309A5}.Debug|x64.Build.0 = Debug|Any CPU
		{4CF8EA08-19F1-4A40-B34F-A24D6E0309A5}.Debug|x86.ActiveCfg = Debug|Any CPU
		{4CF8EA08-19F1-4A40-B34F-A24D6E0309A5}.Debug|x86.Build.0 = Debug|Any CPU
		{4CF8EA08-19F1-4A40-B34F-A24D6E0309A5}.Release|Any CPU.ActiveCfg = Release|Any CPU
		{4CF8EA08-19F1-4A40-B34F-A24D6E0309A5}.Release|Any CPU.Build.0 = Release|Any CPU
		{4CF8EA08-19F1-4A40-B34F-A24D6E0309A5}.Release|x64.ActiveCfg = Release|Any CPU
		{4CF8EA08-19F1-4A40-B34F-A24D6E0309A5}.Release|x64.Build.0 = Release|Any CPU
		{4CF8EA08-19F1-4A40-B34F-A24D6E0309A5}.Release|x86.ActiveCfg = Release|Any CPU
		{4CF8EA08-19F1-4A40-B34F-A24D6E0309A5}.Release|x86.Build.0 = Release|Any CPU
		{A9CE761B-620F-4B5E-A2B3-979E2B9B6140}.Debug|Any CPU.ActiveCfg = Debug|Any CPU
		{A9CE761B-620F-4B5E-A2B3-979E2B9B6140}.Debug|Any CPU.Build.0 = Debug|Any CPU
		{A9CE761B-620F-4B5E-A2B3-979E2B9B6140}.Debug|x64.ActiveCfg = Debug|Any CPU
		{A9CE761B-620F-4B5E-A2B3-979E2B9B6140}.Debug|x64.Build.0 = Debug|Any CPU
		{A9CE761B-620F-4B5E-A2B3-979E2B9B6140}.Debug|x86.ActiveCfg = Debug|Any CPU
		{A9CE761B-620F-4B5E-A2B3-979E2B9B6140}.Debug|x86.Build.0 = Debug|Any CPU
		{A9CE761B-620F-4B5E-A2B3-979E2B9B6140}.Release|Any CPU.ActiveCfg = Release|Any CPU
		{A9CE761B-620F-4B5E-A2B3-979E2B9B6140}.Release|Any CPU.Build.0 = Release|Any CPU
		{A9CE761B-620F-4B5E-A2B3-979E2B9B6140}.Release|x64.ActiveCfg = Release|Any CPU
		{A9CE761B-620F-4B5E-A2B3-979E2B9B6140}.Release|x64.Build.0 = Release|Any CPU
		{A9CE761B-620F-4B5E-A2B3-979E2B9B6140}.Release|x86.ActiveCfg = Release|Any CPU
		{A9CE761B-620F-4B5E-A2B3-979E2B9B6140}.Release|x86.Build.0 = Release|Any CPU
		{75D26AF9-C7CC-4279-9D21-0756CB3DC9A3}.Debug|Any CPU.ActiveCfg = Debug|Any CPU
		{75D26AF9-C7CC-4279-9D21-0756CB3DC9A3}.Debug|Any CPU.Build.0 = Debug|Any CPU
		{75D26AF9-C7CC-4279-9D21-0756CB3DC9A3}.Debug|x64.ActiveCfg = Debug|Any CPU
		{75D26AF9-C7CC-4279-9D21-0756CB3DC9A3}.Debug|x64.Build.0 = Debug|Any CPU
		{75D26AF9-C7CC-4279-9D21-0756CB3DC9A3}.Debug|x86.ActiveCfg = Debug|Any CPU
		{75D26AF9-C7CC-4279-9D21-0756CB3DC9A3}.Debug|x86.Build.0 = Debug|Any CPU
		{75D26AF9-C7CC-4279-9D21-0756CB3DC9A3}.Release|Any CPU.ActiveCfg = Release|Any CPU
		{75D26AF9-C7CC-4279-9D21-0756CB3DC9A3}.Release|Any CPU.Build.0 = Release|Any CPU
		{75D26AF9-C7CC-4279-9D21-0756CB3DC9A3}.Release|x64.ActiveCfg = Release|Any CPU
		{75D26AF9-C7CC-4279-9D21-0756CB3DC9A3}.Release|x64.Build.0 = Release|Any CPU
		{75D26AF9-C7CC-4279-9D21-0756CB3DC9A3}.Release|x86.ActiveCfg = Release|Any CPU
		{75D26AF9-C7CC-4279-9D21-0756CB3DC9A3}.Release|x86.Build.0 = Release|Any CPU
		{7FAF0B01-1629-41D5-8ECF-AFFBF869AAB0}.Debug|Any CPU.ActiveCfg = Debug|Any CPU
		{7FAF0B01-1629-41D5-8ECF-AFFBF869AAB0}.Debug|Any CPU.Build.0 = Debug|Any CPU
		{7FAF0B01-1629-41D5-8ECF-AFFBF869AAB0}.Debug|x64.ActiveCfg = Debug|Any CPU
		{7FAF0B01-1629-41D5-8ECF-AFFBF869AAB0}.Debug|x64.Build.0 = Debug|Any CPU
		{7FAF0B01-1629-41D5-8ECF-AFFBF869AAB0}.Debug|x86.ActiveCfg = Debug|Any CPU
		{7FAF0B01-1629-41D5-8ECF-AFFBF869AAB0}.Debug|x86.Build.0 = Debug|Any CPU
		{7FAF0B01-1629-41D5-8ECF-AFFBF869AAB0}.Release|Any CPU.ActiveCfg = Release|Any CPU
		{7FAF0B01-1629-41D5-8ECF-AFFBF869AAB0}.Release|Any CPU.Build.0 = Release|Any CPU
		{7FAF0B01-1629-41D5-8ECF-AFFBF869AAB0}.Release|x64.ActiveCfg = Release|Any CPU
		{7FAF0B01-1629-41D5-8ECF-AFFBF869AAB0}.Release|x64.Build.0 = Release|Any CPU
		{7FAF0B01-1629-41D5-8ECF-AFFBF869AAB0}.Release|x86.ActiveCfg = Release|Any CPU
		{7FAF0B01-1629-41D5-8ECF-AFFBF869AAB0}.Release|x86.Build.0 = Release|Any CPU
		{30DF10E8-3D07-4727-8104-9245961A0960}.Debug|Any CPU.ActiveCfg = Debug|Any CPU
		{30DF10E8-3D07-4727-8104-9245961A0960}.Debug|Any CPU.Build.0 = Debug|Any CPU
		{30DF10E8-3D07-4727-8104-9245961A0960}.Debug|x64.ActiveCfg = Debug|Any CPU
		{30DF10E8-3D07-4727-8104-9245961A0960}.Debug|x64.Build.0 = Debug|Any CPU
		{30DF10E8-3D07-4727-8104-9245961A0960}.Debug|x86.ActiveCfg = Debug|Any CPU
		{30DF10E8-3D07-4727-8104-9245961A0960}.Debug|x86.Build.0 = Debug|Any CPU
		{30DF10E8-3D07-4727-8104-9245961A0960}.Release|Any CPU.ActiveCfg = Release|Any CPU
		{30DF10E8-3D07-4727-8104-9245961A0960}.Release|Any CPU.Build.0 = Release|Any CPU
		{30DF10E8-3D07-4727-8104-9245961A0960}.Release|x64.ActiveCfg = Release|Any CPU
		{30DF10E8-3D07-4727-8104-9245961A0960}.Release|x64.Build.0 = Release|Any CPU
		{30DF10E8-3D07-4727-8104-9245961A0960}.Release|x86.ActiveCfg = Release|Any CPU
		{30DF10E8-3D07-4727-8104-9245961A0960}.Release|x86.Build.0 = Release|Any CPU
	EndGlobalSection
	GlobalSection(SolutionProperties) = preSolution
		HideSolutionNode = FALSE
	EndGlobalSection
	GlobalSection(NestedProjects) = preSolution
		{C8E42992-5E42-0C2B-DBFE-AA848D06431C} = {827E0CD3-B72D-47B6-A68D-7590B98EB39B}
		{487C0B11-AC48-481D-B58A-1239D34A51EC} = {C8E42992-5E42-0C2B-DBFE-AA848D06431C}
		{984BB9B3-3FA3-BE33-9484-CAC21695A33C} = {827E0CD3-B72D-47B6-A68D-7590B98EB39B}
		{072D483E-2402-8FD4-E5BB-84C8DF898F2A} = {984BB9B3-3FA3-BE33-9484-CAC21695A33C}
		{0E00019E-3BE1-4C6C-A535-680F976BAB13} = {072D483E-2402-8FD4-E5BB-84C8DF898F2A}
		{F4EDFFB2-F527-4C10-97AA-8A621DC431F9} = {072D483E-2402-8FD4-E5BB-84C8DF898F2A}
		{E66DD1EA-75A8-4D95-9D04-98B775E2C808} = {072D483E-2402-8FD4-E5BB-84C8DF898F2A}
		{E53361CC-5BDC-4BDC-8C48-B5792661D0A6} = {072D483E-2402-8FD4-E5BB-84C8DF898F2A}
		{39446CD2-3258-524A-0243-190D9168FBCB} = {984BB9B3-3FA3-BE33-9484-CAC21695A33C}
		{03C28928-563B-4EC6-AAFE-4682463A9E41} = {39446CD2-3258-524A-0243-190D9168FBCB}
		{D6F4C5EE-8B2E-405E-AED6-50BEDE0E95C2} = {39446CD2-3258-524A-0243-190D9168FBCB}
		{390C0A21-3121-4C97-BD8C-17E6FA671151} = {39446CD2-3258-524A-0243-190D9168FBCB}
		{4CF8EA08-19F1-4A40-B34F-A24D6E0309A5} = {39446CD2-3258-524A-0243-190D9168FBCB}
		{A9CE761B-620F-4B5E-A2B3-979E2B9B6140} = {39446CD2-3258-524A-0243-190D9168FBCB}
		{75D26AF9-C7CC-4279-9D21-0756CB3DC9A3} = {0AB3BF05-4346-4AA6-1389-037BE0695223}
		{7FAF0B01-1629-41D5-8ECF-AFFBF869AAB0} = {0AB3BF05-4346-4AA6-1389-037BE0695223}
		{30DF10E8-3D07-4727-8104-9245961A0960} = {0AB3BF05-4346-4AA6-1389-037BE0695223}
	EndGlobalSection
EndGlobal
